
Microsoft Visual Studio Solution File, Format Version 12.00
# Visual Studio Version 17
VisualStudioVersion = 17.1.32228.430
MinimumVisualStudioVersion = 10.0.40219.1
Project("{9A19103F-16F7-4668-BE54-9A1E7A4F7556}") = "Projekt2_tidrapportering", "Projekt2_tidrapportering\Projekt2_tidrapportering.csproj", "{98A67B5B-3102-4D95-B79C-EBF4C75DD171}"
EndProject
Project("{9A19103F-16F7-4668-BE54-9A1E7A4F7556}") = "Customer_Project_Administration_Application", "..\Customer_Project_Administration_Application\Customer_Project_Administration_Application\Customer_Project_Administration_Application.csproj", "{719C19CD-697C-44C7-B02E-4208D889865E}"
EndProject
Global
	GlobalSection(SolutionConfigurationPlatforms) = preSolution
		Debug|Any CPU = Debug|Any CPU
		Release|Any CPU = Release|Any CPU
	EndGlobalSection
	GlobalSection(ProjectConfigurationPlatforms) = postSolution
		{98A67B5B-3102-4D95-B79C-EBF4C75DD171}.Debug|Any CPU.ActiveCfg = Debug|Any CPU
		{98A67B5B-3102-4D95-B79C-EBF4C75DD171}.Debug|Any CPU.Build.0 = Debug|Any CPU
		{98A67B5B-3102-4D95-B79C-EBF4C75DD171}.Release|Any CPU.ActiveCfg = Release|Any CPU
		{98A67B5B-3102-4D95-B79C-EBF4C75DD171}.Release|Any CPU.Build.0 = Release|Any CPU
		{719C19CD-697C-44C7-B02E-4208D889865E}.Debug|Any CPU.ActiveCfg = Debug|Any CPU
		{719C19CD-697C-44C7-B02E-4208D889865E}.Debug|Any CPU.Build.0 = Debug|Any CPU
		{719C19CD-697C-44C7-B02E-4208D889865E}.Release|Any CPU.ActiveCfg = Release|Any CPU
		{719C19CD-697C-44C7-B02E-4208D889865E}.Release|Any CPU.Build.0 = Release|Any CPU
	EndGlobalSection
	GlobalSection(SolutionProperties) = preSolution
		HideSolutionNode = FALSE
	EndGlobalSection
	GlobalSection(ExtensibilityGlobals) = postSolution
		SolutionGuid = {5514CD95-EC16-40B1-B5BF-ECAD8DC3D397}
	EndGlobalSection
EndGlobal
