
Microsoft Visual Studio Solution File, Format Version 12.00
# Visual Studio Version 17
VisualStudioVersion = 17.1.32228.430
MinimumVisualStudioVersion = 10.0.40219.1
Project("{FAE04EC0-301F-11D3-BF4B-00C04F79EFBC}") = "Projekt2_tidrapportering", "Projekt2_tidrapportering\Projekt2_tidrapportering.csproj", "{98A67B5B-3102-4D95-B79C-EBF4C75DD171}"
EndProject
Global
	GlobalSection(SolutionConfigurationPlatforms) = preSolution
		Debug|Any CPU = Debug|Any CPU
		Release|Any CPU = Release|Any CPU
	EndGlobalSection
	GlobalSection(ProjectConfigurationPlatforms) = postSolution
		{98A67B5B-3102-4D95-B79C-EBF4C75DD171}.Debug|Any CPU.ActiveCfg = Debug|Any CPU
		{98A67B5B-3102-4D95-B79C-EBF4C75DD171}.Debug|Any CPU.Build.0 = Debug|Any CPU
		{98A67B5B-3102-4D95-B79C-EBF4C75DD171}.Release|Any CPU.ActiveCfg = Release|Any CPU
		{98A67B5B-3102-4D95-B79C-EBF4C75DD171}.Release|Any CPU.Build.0 = Release|Any CPU
	EndGlobalSection
	GlobalSection(SolutionProperties) = preSolution
		HideSolutionNode = FALSE
	EndGlobalSection
	GlobalSection(ExtensibilityGlobals) = postSolution
		SolutionGuid = {5514CD95-EC16-40B1-B5BF-ECAD8DC3D397}
	EndGlobalSection
EndGlobal
